
Microsoft Visual Studio Solution File, Format Version 12.00
# Visual Studio Version 17
VisualStudioVersion = 17.5.002.0
MinimumVisualStudioVersion = 10.0.40219.1
Project("{9A19103F-16F7-4668-BE54-9A1E7A4F7556}") = "TestProgram", "TestProgram.csproj", "{F74042AB-512B-41DA-B853-2DC7F56E5012}"
EndProject
Global
	GlobalSection(SolutionConfigurationPlatforms) = preSolution
		Debug|Any CPU = Debug|Any CPU
		Release|Any CPU = Release|Any CPU
	EndGlobalSection
	GlobalSection(ProjectConfigurationPlatforms) = postSolution
		{F74042AB-512B-41DA-B853-2DC7F56E5012}.Debug|Any CPU.ActiveCfg = Debug|Any CPU
		{F74042AB-512B-41DA-B853-2DC7F56E5012}.Debug|Any CPU.Build.0 = Debug|Any CPU
		{F74042AB-512B-41DA-B853-2DC7F56E5012}.Release|Any CPU.ActiveCfg = Release|Any CPU
		{F74042AB-512B-41DA-B853-2DC7F56E5012}.Release|Any CPU.Build.0 = Release|Any CPU
	EndGlobalSection
	GlobalSection(SolutionProperties) = preSolution
		HideSolutionNode = FALSE
	EndGlobalSection
	GlobalSection(ExtensibilityGlobals) = postSolution
		SolutionGuid = {453F453D-87E0-438D-BBE3-E7A7B1CCDBA8}
	EndGlobalSection
EndGlobal
