
Microsoft Visual Studio Solution File, Format Version 12.00
# Visual Studio Version 17
VisualStudioVersion = 17.5.002.0
MinimumVisualStudioVersion = 10.0.40219.1
Project("{9A19103F-16F7-4668-BE54-9A1E7A4F7556}") = "TestAPI", "TestAPI.csproj", "{1A7C12DD-76A6-4835-B0A8-13A7A9463DC3}"
EndProject
Global
	GlobalSection(SolutionConfigurationPlatforms) = preSolution
		Debug|Any CPU = Debug|Any CPU
		Release|Any CPU = Release|Any CPU
	EndGlobalSection
	GlobalSection(ProjectConfigurationPlatforms) = postSolution
		{1A7C12DD-76A6-4835-B0A8-13A7A9463DC3}.Debug|Any CPU.ActiveCfg = Debug|Any CPU
		{1A7C12DD-76A6-4835-B0A8-13A7A9463DC3}.Debug|Any CPU.Build.0 = Debug|Any CPU
		{1A7C12DD-76A6-4835-B0A8-13A7A9463DC3}.Release|Any CPU.ActiveCfg = Release|Any CPU
		{1A7C12DD-76A6-4835-B0A8-13A7A9463DC3}.Release|Any CPU.Build.0 = Release|Any CPU
	EndGlobalSection
	GlobalSection(SolutionProperties) = preSolution
		HideSolutionNode = FALSE
	EndGlobalSection
	GlobalSection(ExtensibilityGlobals) = postSolution
		SolutionGuid = {17F6F040-C014-48BF-BAA7-97EE6488A298}
	EndGlobalSection
EndGlobal
